
Microsoft Visual Studio Solution File, Format Version 12.00
# Visual Studio 15
VisualStudioVersion = 15.0.26403.7
MinimumVisualStudioVersion = 10.0.40219.1
Project("{FAE04EC0-301F-11D3-BF4B-00C04F79EFBC}") = "ComoTeSientes.Android", "ComoTeSientes\ComoTeSientes.Android\ComoTeSientes.Android.csproj", "{3F78C42D-AD04-4445-9480-A962479DE4D2}"
EndProject
Project("{FAE04EC0-301F-11D3-BF4B-00C04F79EFBC}") = "ComoTeSientes", "ComoTeSientes\ComoTeSientes\ComoTeSientes.csproj", "{8659B98F-744A-41A6-80EC-1A2B61F71733}"
EndProject
Project("{FAE04EC0-301F-11D3-BF4B-00C04F79EFBC}") = "ComoTeSientes.UWP", "ComoTeSientes\ComoTeSientes.UWP\ComoTeSientes.UWP.csproj", "{253D5324-5C5B-4705-B91C-40DCD36B8E02}"
EndProject
Project("{FAE04EC0-301F-11D3-BF4B-00C04F79EFBC}") = "ComoTeSientes.iOS", "ComoTeSientes\ComoTeSientes.iOS\ComoTeSientes.iOS.csproj", "{D604CA31-0B4D-40AA-8896-5466E46F67A7}"
EndProject
Global
	GlobalSection(SolutionConfigurationPlatforms) = preSolution
		Ad-Hoc|Any CPU = Ad-Hoc|Any CPU
		Ad-Hoc|ARM = Ad-Hoc|ARM
		Ad-Hoc|iPhone = Ad-Hoc|iPhone
		Ad-Hoc|iPhoneSimulator = Ad-Hoc|iPhoneSimulator
		Ad-Hoc|x64 = Ad-Hoc|x64
		Ad-Hoc|x86 = Ad-Hoc|x86
		AppStore|Any CPU = AppStore|Any CPU
		AppStore|ARM = AppStore|ARM
		AppStore|iPhone = AppStore|iPhone
		AppStore|iPhoneSimulator = AppStore|iPhoneSimulator
		AppStore|x64 = AppStore|x64
		AppStore|x86 = AppStore|x86
		Debug|Any CPU = Debug|Any CPU
		Debug|ARM = Debug|ARM
		Debug|iPhone = Debug|iPhone
		Debug|iPhoneSimulator = Debug|iPhoneSimulator
		Debug|x64 = Debug|x64
		Debug|x86 = Debug|x86
		Release|Any CPU = Release|Any CPU
		Release|ARM = Release|ARM
		Release|iPhone = Release|iPhone
		Release|iPhoneSimulator = Release|iPhoneSimulator
		Release|x64 = Release|x64
		Release|x86 = Release|x86
	EndGlobalSection
	GlobalSection(ProjectConfigurationPlatforms) = postSolution
		{3F78C42D-AD04-4445-9480-A962479DE4D2}.Ad-Hoc|Any CPU.ActiveCfg = Release|Any CPU
		{3F78C42D-AD04-4445-9480-A962479DE4D2}.Ad-Hoc|Any CPU.Build.0 = Release|Any CPU
		{3F78C42D-AD04-4445-9480-A962479DE4D2}.Ad-Hoc|Any CPU.Deploy.0 = Release|Any CPU
		{3F78C42D-AD04-4445-9480-A962479DE4D2}.Ad-Hoc|ARM.ActiveCfg = Release|Any CPU
		{3F78C42D-AD04-4445-9480-A962479DE4D2}.Ad-Hoc|ARM.Build.0 = Release|Any CPU
		{3F78C42D-AD04-4445-9480-A962479DE4D2}.Ad-Hoc|ARM.Deploy.0 = Release|Any CPU
		{3F78C42D-AD04-4445-9480-A962479DE4D2}.Ad-Hoc|iPhone.ActiveCfg = Release|Any CPU
		{3F78C42D-AD04-4445-9480-A962479DE4D2}.Ad-Hoc|iPhone.Build.0 = Release|Any CPU
		{3F78C42D-AD04-4445-9480-A962479DE4D2}.Ad-Hoc|iPhone.Deploy.0 = Release|Any CPU
		{3F78C42D-AD04-4445-9480-A962479DE4D2}.Ad-Hoc|iPhoneSimulator.ActiveCfg = Release|Any CPU
		{3F78C42D-AD04-4445-9480-A962479DE4D2}.Ad-Hoc|iPhoneSimulator.Build.0 = Release|Any CPU
		{3F78C42D-AD04-4445-9480-A962479DE4D2}.Ad-Hoc|iPhoneSimulator.Deploy.0 = Release|Any CPU
		{3F78C42D-AD04-4445-9480-A962479DE4D2}.Ad-Hoc|x64.ActiveCfg = Release|Any CPU
		{3F78C42D-AD04-4445-9480-A962479DE4D2}.Ad-Hoc|x64.Build.0 = Release|Any CPU
		{3F78C42D-AD04-4445-9480-A962479DE4D2}.Ad-Hoc|x64.Deploy.0 = Release|Any CPU
		{3F78C42D-AD04-4445-9480-A962479DE4D2}.Ad-Hoc|x86.ActiveCfg = Release|Any CPU
		{3F78C42D-AD04-4445-9480-A962479DE4D2}.Ad-Hoc|x86.Build.0 = Release|Any CPU
		{3F78C42D-AD04-4445-9480-A962479DE4D2}.Ad-Hoc|x86.Deploy.0 = Release|Any CPU
		{3F78C42D-AD04-4445-9480-A962479DE4D2}.AppStore|Any CPU.ActiveCfg = Release|Any CPU
		{3F78C42D-AD04-4445-9480-A962479DE4D2}.AppStore|Any CPU.Build.0 = Release|Any CPU
		{3F78C42D-AD04-4445-9480-A962479DE4D2}.AppStore|Any CPU.Deploy.0 = Release|Any CPU
		{3F78C42D-AD04-4445-9480-A962479DE4D2}.AppStore|ARM.ActiveCfg = Release|Any CPU
		{3F78C42D-AD04-4445-9480-A962479DE4D2}.AppStore|ARM.Build.0 = Release|Any CPU
		{3F78C42D-AD04-4445-9480-A962479DE4D2}.AppStore|ARM.Deploy.0 = Release|Any CPU
		{3F78C42D-AD04-4445-9480-A962479DE4D2}.AppStore|iPhone.ActiveCfg = Release|Any CPU
		{3F78C42D-AD04-4445-9480-A962479DE4D2}.AppStore|iPhone.Build.0 = Release|Any CPU
		{3F78C42D-AD04-4445-9480-A962479DE4D2}.AppStore|iPhone.Deploy.0 = Release|Any CPU
		{3F78C42D-AD04-4445-9480-A962479DE4D2}.AppStore|iPhoneSimulator.ActiveCfg = Release|Any CPU
		{3F78C42D-AD04-4445-9480-A962479DE4D2}.AppStore|iPhoneSimulator.Build.0 = Release|Any CPU
		{3F78C42D-AD04-4445-9480-A962479DE4D2}.AppStore|iPhoneSimulator.Deploy.0 = Release|Any CPU
		{3F78C42D-AD04-4445-9480-A962479DE4D2}.AppStore|x64.ActiveCfg = Release|Any CPU
		{3F78C42D-AD04-4445-9480-A962479DE4D2}.AppStore|x64.Build.0 = Release|Any CPU
		{3F78C42D-AD04-4445-9480-A962479DE4D2}.AppStore|x64.Deploy.0 = Release|Any CPU
		{3F78C42D-AD04-4445-9480-A962479DE4D2}.AppStore|x86.ActiveCfg = Release|Any CPU
		{3F78C42D-AD04-4445-9480-A962479DE4D2}.AppStore|x86.Build.0 = Release|Any CPU
		{3F78C42D-AD04-4445-9480-A962479DE4D2}.AppStore|x86.Deploy.0 = Release|Any CPU
		{3F78C42D-AD04-4445-9480-A962479DE4D2}.Debug|Any CPU.ActiveCfg = Debug|Any CPU
		{3F78C42D-AD04-4445-9480-A962479DE4D2}.Debug|Any CPU.Build.0 = Debug|Any CPU
		{3F78C42D-AD04-4445-9480-A962479DE4D2}.Debug|Any CPU.Deploy.0 = Debug|Any CPU
		{3F78C42D-AD04-4445-9480-A962479DE4D2}.Debug|ARM.ActiveCfg = Debug|Any CPU
		{3F78C42D-AD04-4445-9480-A962479DE4D2}.Debug|ARM.Build.0 = Debug|Any CPU
		{3F78C42D-AD04-4445-9480-A962479DE4D2}.Debug|ARM.Deploy.0 = Debug|Any CPU
		{3F78C42D-AD04-4445-9480-A962479DE4D2}.Debug|iPhone.ActiveCfg = Debug|Any CPU
		{3F78C42D-AD04-4445-9480-A962479DE4D2}.Debug|iPhone.Build.0 = Debug|Any CPU
		{3F78C42D-AD04-4445-9480-A962479DE4D2}.Debug|iPhone.Deploy.0 = Debug|Any CPU
		{3F78C42D-AD04-4445-9480-A962479DE4D2}.Debug|iPhoneSimulator.ActiveCfg = Debug|Any CPU
		{3F78C42D-AD04-4445-9480-A962479DE4D2}.Debug|iPhoneSimulator.Build.0 = Debug|Any CPU
		{3F78C42D-AD04-4445-9480-A962479DE4D2}.Debug|iPhoneSimulator.Deploy.0 = Debug|Any CPU
		{3F78C42D-AD04-4445-9480-A962479DE4D2}.Debug|x64.ActiveCfg = Debug|Any CPU
		{3F78C42D-AD04-4445-9480-A962479DE4D2}.Debug|x64.Build.0 = Debug|Any CPU
		{3F78C42D-AD04-4445-9480-A962479DE4D2}.Debug|x64.Deploy.0 = Debug|Any CPU
		{3F78C42D-AD04-4445-9480-A962479DE4D2}.Debug|x86.ActiveCfg = Debug|Any CPU
		{3F78C42D-AD04-4445-9480-A962479DE4D2}.Debug|x86.Build.0 = Debug|Any CPU
		{3F78C42D-AD04-4445-9480-A962479DE4D2}.Debug|x86.Deploy.0 = Debug|Any CPU
		{3F78C42D-AD04-4445-9480-A962479DE4D2}.Release|Any CPU.ActiveCfg = Release|Any CPU
		{3F78C42D-AD04-4445-9480-A962479DE4D2}.Release|Any CPU.Build.0 = Release|Any CPU
		{3F78C42D-AD04-4445-9480-A962479DE4D2}.Release|Any CPU.Deploy.0 = Release|Any CPU
		{3F78C42D-AD04-4445-9480-A962479DE4D2}.Release|ARM.ActiveCfg = Release|Any CPU
		{3F78C42D-AD04-4445-9480-A962479DE4D2}.Release|ARM.Build.0 = Release|Any CPU
		{3F78C42D-AD04-4445-9480-A962479DE4D2}.Release|ARM.Deploy.0 = Release|Any CPU
		{3F78C42D-AD04-4445-9480-A962479DE4D2}.Release|iPhone.ActiveCfg = Release|Any CPU
		{3F78C42D-AD04-4445-9480-A962479DE4D2}.Release|iPhone.Build.0 = Release|Any CPU
		{3F78C42D-AD04-4445-9480-A962479DE4D2}.Release|iPhone.Deploy.0 = Release|Any CPU
		{3F78C42D-AD04-4445-9480-A962479DE4D2}.Release|iPhoneSimulator.ActiveCfg = Release|Any CPU
		{3F78C42D-AD04-4445-9480-A962479DE4D2}.Release|iPhoneSimulator.Build.0 = Release|Any CPU
		{3F78C42D-AD04-4445-9480-A962479DE4D2}.Release|iPhoneSimulator.Deploy.0 = Release|Any CPU
		{3F78C42D-AD04-4445-9480-A962479DE4D2}.Release|x64.ActiveCfg = Release|Any CPU
		{3F78C42D-AD04-4445-9480-A962479DE4D2}.Release|x64.Build.0 = Release|Any CPU
		{3F78C42D-AD04-4445-9480-A962479DE4D2}.Release|x64.Deploy.0 = Release|Any CPU
		{3F78C42D-AD04-4445-9480-A962479DE4D2}.Release|x86.ActiveCfg = Release|Any CPU
		{3F78C42D-AD04-4445-9480-A962479DE4D2}.Release|x86.Build.0 = Release|Any CPU
		{3F78C42D-AD04-4445-9480-A962479DE4D2}.Release|x86.Deploy.0 = Release|Any CPU
		{8659B98F-744A-41A6-80EC-1A2B61F71733}.Ad-Hoc|Any CPU.ActiveCfg = Release|Any CPU
		{8659B98F-744A-41A6-80EC-1A2B61F71733}.Ad-Hoc|Any CPU.Build.0 = Release|Any CPU
		{8659B98F-744A-41A6-80EC-1A2B61F71733}.Ad-Hoc|ARM.ActiveCfg = Release|Any CPU
		{8659B98F-744A-41A6-80EC-1A2B61F71733}.Ad-Hoc|ARM.Build.0 = Release|Any CPU
		{8659B98F-744A-41A6-80EC-1A2B61F71733}.Ad-Hoc|iPhone.ActiveCfg = Release|Any CPU
		{8659B98F-744A-41A6-80EC-1A2B61F71733}.Ad-Hoc|iPhone.Build.0 = Release|Any CPU
		{8659B98F-744A-41A6-80EC-1A2B61F71733}.Ad-Hoc|iPhoneSimulator.ActiveCfg = Release|Any CPU
		{8659B98F-744A-41A6-80EC-1A2B61F71733}.Ad-Hoc|iPhoneSimulator.Build.0 = Release|Any CPU
		{8659B98F-744A-41A6-80EC-1A2B61F71733}.Ad-Hoc|x64.ActiveCfg = Release|Any CPU
		{8659B98F-744A-41A6-80EC-1A2B61F71733}.Ad-Hoc|x64.Build.0 = Release|Any CPU
		{8659B98F-744A-41A6-80EC-1A2B61F71733}.Ad-Hoc|x86.ActiveCfg = Release|Any CPU
		{8659B98F-744A-41A6-80EC-1A2B61F71733}.Ad-Hoc|x86.Build.0 = Release|Any CPU
		{8659B98F-744A-41A6-80EC-1A2B61F71733}.AppStore|Any CPU.ActiveCfg = Release|Any CPU
		{8659B98F-744A-41A6-80EC-1A2B61F71733}.AppStore|Any CPU.Build.0 = Release|Any CPU
		{8659B98F-744A-41A6-80EC-1A2B61F71733}.AppStore|ARM.ActiveCfg = Release|Any CPU
		{8659B98F-744A-41A6-80EC-1A2B61F71733}.AppStore|ARM.Build.0 = Release|Any CPU
		{8659B98F-744A-41A6-80EC-1A2B61F71733}.AppStore|iPhone.ActiveCfg = Release|Any CPU
		{8659B98F-744A-41A6-80EC-1A2B61F71733}.AppStore|iPhone.Build.0 = Release|Any CPU
		{8659B98F-744A-41A6-80EC-1A2B61F71733}.AppStore|iPhoneSimulator.ActiveCfg = Release|Any CPU
		{8659B98F-744A-41A6-80EC-1A2B61F71733}.AppStore|iPhoneSimulator.Build.0 = Release|Any CPU
		{8659B98F-744A-41A6-80EC-1A2B61F71733}.AppStore|x64.ActiveCfg = Release|Any CPU
		{8659B98F-744A-41A6-80EC-1A2B61F71733}.AppStore|x64.Build.0 = Release|Any CPU
		{8659B98F-744A-41A6-80EC-1A2B61F71733}.AppStore|x86.ActiveCfg = Release|Any CPU
		{8659B98F-744A-41A6-80EC-1A2B61F71733}.AppStore|x86.Build.0 = Release|Any CPU
		{8659B98F-744A-41A6-80EC-1A2B61F71733}.Debug|Any CPU.ActiveCfg = Debug|Any CPU
		{8659B98F-744A-41A6-80EC-1A2B61F71733}.Debug|Any CPU.Build.0 = Debug|Any CPU
		{8659B98F-744A-41A6-80EC-1A2B61F71733}.Debug|ARM.ActiveCfg = Debug|Any CPU
		{8659B98F-744A-41A6-80EC-1A2B61F71733}.Debug|ARM.Build.0 = Debug|Any CPU
		{8659B98F-744A-41A6-80EC-1A2B61F71733}.Debug|iPhone.ActiveCfg = Debug|Any CPU
		{8659B98F-744A-41A6-80EC-1A2B61F71733}.Debug|iPhone.Build.0 = Debug|Any CPU
		{8659B98F-744A-41A6-80EC-1A2B61F71733}.Debug|iPhoneSimulator.ActiveCfg = Debug|Any CPU
		{8659B98F-744A-41A6-80EC-1A2B61F71733}.Debug|iPhoneSimulator.Build.0 = Debug|Any CPU
		{8659B98F-744A-41A6-80EC-1A2B61F71733}.Debug|x64.ActiveCfg = Debug|Any CPU
		{8659B98F-744A-41A6-80EC-1A2B61F71733}.Debug|x64.Build.0 = Debug|Any CPU
		{8659B98F-744A-41A6-80EC-1A2B61F71733}.Debug|x86.ActiveCfg = Debug|Any CPU
		{8659B98F-744A-41A6-80EC-1A2B61F71733}.Debug|x86.Build.0 = Debug|Any CPU
		{8659B98F-744A-41A6-80EC-1A2B61F71733}.Release|Any CPU.ActiveCfg = Release|Any CPU
		{8659B98F-744A-41A6-80EC-1A2B61F71733}.Release|Any CPU.Build.0 = Release|Any CPU
		{8659B98F-744A-41A6-80EC-1A2B61F71733}.Release|ARM.ActiveCfg = Release|Any CPU
		{8659B98F-744A-41A6-80EC-1A2B61F71733}.Release|ARM.Build.0 = Release|Any CPU
		{8659B98F-744A-41A6-80EC-1A2B61F71733}.Release|iPhone.ActiveCfg = Release|Any CPU
		{8659B98F-744A-41A6-80EC-1A2B61F71733}.Release|iPhone.Build.0 = Release|Any CPU
		{8659B98F-744A-41A6-80EC-1A2B61F71733}.Release|iPhoneSimulator.ActiveCfg = Release|Any CPU
		{8659B98F-744A-41A6-80EC-1A2B61F71733}.Release|iPhoneSimulator.Build.0 = Release|Any CPU
		{8659B98F-744A-41A6-80EC-1A2B61F71733}.Release|x64.ActiveCfg = Release|Any CPU
		{8659B98F-744A-41A6-80EC-1A2B61F71733}.Release|x64.Build.0 = Release|Any CPU
		{8659B98F-744A-41A6-80EC-1A2B61F71733}.Release|x86.ActiveCfg = Release|Any CPU
		{8659B98F-744A-41A6-80EC-1A2B61F71733}.Release|x86.Build.0 = Release|Any CPU
		{253D5324-5C5B-4705-B91C-40DCD36B8E02}.Ad-Hoc|Any CPU.ActiveCfg = Release|x86
		{253D5324-5C5B-4705-B91C-40DCD36B8E02}.Ad-Hoc|Any CPU.Build.0 = Release|x86
		{253D5324-5C5B-4705-B91C-40DCD36B8E02}.Ad-Hoc|Any CPU.Deploy.0 = Release|x86
		{253D5324-5C5B-4705-B91C-40DCD36B8E02}.Ad-Hoc|ARM.ActiveCfg = Release|ARM
		{253D5324-5C5B-4705-B91C-40DCD36B8E02}.Ad-Hoc|ARM.Build.0 = Release|ARM
		{253D5324-5C5B-4705-B91C-40DCD36B8E02}.Ad-Hoc|ARM.Deploy.0 = Release|ARM
		{253D5324-5C5B-4705-B91C-40DCD36B8E02}.Ad-Hoc|iPhone.ActiveCfg = Release|x86
		{253D5324-5C5B-4705-B91C-40DCD36B8E02}.Ad-Hoc|iPhone.Build.0 = Release|x86
		{253D5324-5C5B-4705-B91C-40DCD36B8E02}.Ad-Hoc|iPhone.Deploy.0 = Release|x86
		{253D5324-5C5B-4705-B91C-40DCD36B8E02}.Ad-Hoc|iPhoneSimulator.ActiveCfg = Release|x86
		{253D5324-5C5B-4705-B91C-40DCD36B8E02}.Ad-Hoc|iPhoneSimulator.Build.0 = Release|x86
		{253D5324-5C5B-4705-B91C-40DCD36B8E02}.Ad-Hoc|iPhoneSimulator.Deploy.0 = Release|x86
		{253D5324-5C5B-4705-B91C-40DCD36B8E02}.Ad-Hoc|x64.ActiveCfg = Release|x64
		{253D5324-5C5B-4705-B91C-40DCD36B8E02}.Ad-Hoc|x64.Build.0 = Release|x64
		{253D5324-5C5B-4705-B91C-40DCD36B8E02}.Ad-Hoc|x64.Deploy.0 = Release|x64
		{253D5324-5C5B-4705-B91C-40DCD36B8E02}.Ad-Hoc|x86.ActiveCfg = Release|x86
		{253D5324-5C5B-4705-B91C-40DCD36B8E02}.Ad-Hoc|x86.Build.0 = Release|x86
		{253D5324-5C5B-4705-B91C-40DCD36B8E02}.Ad-Hoc|x86.Deploy.0 = Release|x86
		{253D5324-5C5B-4705-B91C-40DCD36B8E02}.AppStore|Any CPU.ActiveCfg = Release|x86
		{253D5324-5C5B-4705-B91C-40DCD36B8E02}.AppStore|Any CPU.Build.0 = Release|x86
		{253D5324-5C5B-4705-B91C-40DCD36B8E02}.AppStore|Any CPU.Deploy.0 = Release|x86
		{253D5324-5C5B-4705-B91C-40DCD36B8E02}.AppStore|ARM.ActiveCfg = Release|ARM
		{253D5324-5C5B-4705-B91C-40DCD36B8E02}.AppStore|ARM.Build.0 = Release|ARM
		{253D5324-5C5B-4705-B91C-40DCD36B8E02}.AppStore|ARM.Deploy.0 = Release|ARM
		{253D5324-5C5B-4705-B91C-40DCD36B8E02}.AppStore|iPhone.ActiveCfg = Release|x86
		{253D5324-5C5B-4705-B91C-40DCD36B8E02}.AppStore|iPhone.Build.0 = Release|x86
		{253D5324-5C5B-4705-B91C-40DCD36B8E02}.AppStore|iPhone.Deploy.0 = Release|x86
		{253D5324-5C5B-4705-B91C-40DCD36B8E02}.AppStore|iPhoneSimulator.ActiveCfg = Release|x86
		{253D5324-5C5B-4705-B91C-40DCD36B8E02}.AppStore|iPhoneSimulator.Build.0 = Release|x86
		{253D5324-5C5B-4705-B91C-40DCD36B8E02}.AppStore|iPhoneSimulator.Deploy.0 = Release|x86
		{253D5324-5C5B-4705-B91C-40DCD36B8E02}.AppStore|x64.ActiveCfg = Release|x64
		{253D5324-5C5B-4705-B91C-40DCD36B8E02}.AppStore|x64.Build.0 = Release|x64
		{253D5324-5C5B-4705-B91C-40DCD36B8E02}.AppStore|x64.Deploy.0 = Release|x64
		{253D5324-5C5B-4705-B91C-40DCD36B8E02}.AppStore|x86.ActiveCfg = Release|x86
		{253D5324-5C5B-4705-B91C-40DCD36B8E02}.AppStore|x86.Build.0 = Release|x86
		{253D5324-5C5B-4705-B91C-40DCD36B8E02}.AppStore|x86.Deploy.0 = Release|x86
		{253D5324-5C5B-4705-B91C-40DCD36B8E02}.Debug|Any CPU.ActiveCfg = Debug|x86
		{253D5324-5C5B-4705-B91C-40DCD36B8E02}.Debug|ARM.ActiveCfg = Debug|ARM
		{253D5324-5C5B-4705-B91C-40DCD36B8E02}.Debug|ARM.Build.0 = Debug|ARM
		{253D5324-5C5B-4705-B91C-40DCD36B8E02}.Debug|ARM.Deploy.0 = Debug|ARM
		{253D5324-5C5B-4705-B91C-40DCD36B8E02}.Debug|iPhone.ActiveCfg = Debug|x86
		{253D5324-5C5B-4705-B91C-40DCD36B8E02}.Debug|iPhoneSimulator.ActiveCfg = Debug|x86
		{253D5324-5C5B-4705-B91C-40DCD36B8E02}.Debug|x64.ActiveCfg = Debug|x64
		{253D5324-5C5B-4705-B91C-40DCD36B8E02}.Debug|x64.Build.0 = Debug|x64
		{253D5324-5C5B-4705-B91C-40DCD36B8E02}.Debug|x64.Deploy.0 = Debug|x64
		{253D5324-5C5B-4705-B91C-40DCD36B8E02}.Debug|x86.ActiveCfg = Debug|x86
		{253D5324-5C5B-4705-B91C-40DCD36B8E02}.Debug|x86.Build.0 = Debug|x86
		{253D5324-5C5B-4705-B91C-40DCD36B8E02}.Debug|x86.Deploy.0 = Debug|x86
		{253D5324-5C5B-4705-B91C-40DCD36B8E02}.Release|Any CPU.ActiveCfg = Release|x86
		{253D5324-5C5B-4705-B91C-40DCD36B8E02}.Release|ARM.ActiveCfg = Release|ARM
		{253D5324-5C5B-4705-B91C-40DCD36B8E02}.Release|ARM.Build.0 = Release|ARM
		{253D5324-5C5B-4705-B91C-40DCD36B8E02}.Release|ARM.Deploy.0 = Release|ARM
		{253D5324-5C5B-4705-B91C-40DCD36B8E02}.Release|iPhone.ActiveCfg = Release|x86
		{253D5324-5C5B-4705-B91C-40DCD36B8E02}.Release|iPhoneSimulator.ActiveCfg = Release|x86
		{253D5324-5C5B-4705-B91C-40DCD36B8E02}.Release|x64.ActiveCfg = Release|x64
		{253D5324-5C5B-4705-B91C-40DCD36B8E02}.Release|x64.Build.0 = Release|x64
		{253D5324-5C5B-4705-B91C-40DCD36B8E02}.Release|x64.Deploy.0 = Release|x64
		{253D5324-5C5B-4705-B91C-40DCD36B8E02}.Release|x86.ActiveCfg = Release|x86
		{253D5324-5C5B-4705-B91C-40DCD36B8E02}.Release|x86.Build.0 = Release|x86
		{253D5324-5C5B-4705-B91C-40DCD36B8E02}.Release|x86.Deploy.0 = Release|x86
		{D604CA31-0B4D-40AA-8896-5466E46F67A7}.Ad-Hoc|Any CPU.ActiveCfg = Ad-Hoc|iPhone
		{D604CA31-0B4D-40AA-8896-5466E46F67A7}.Ad-Hoc|ARM.ActiveCfg = Ad-Hoc|iPhone
		{D604CA31-0B4D-40AA-8896-5466E46F67A7}.Ad-Hoc|iPhone.ActiveCfg = Ad-Hoc|iPhone
		{D604CA31-0B4D-40AA-8896-5466E46F67A7}.Ad-Hoc|iPhone.Build.0 = Ad-Hoc|iPhone
		{D604CA31-0B4D-40AA-8896-5466E46F67A7}.Ad-Hoc|iPhoneSimulator.ActiveCfg = Ad-Hoc|iPhoneSimulator
		{D604CA31-0B4D-40AA-8896-5466E46F67A7}.Ad-Hoc|iPhoneSimulator.Build.0 = Ad-Hoc|iPhoneSimulator
		{D604CA31-0B4D-40AA-8896-5466E46F67A7}.Ad-Hoc|x64.ActiveCfg = Ad-Hoc|iPhone
		{D604CA31-0B4D-40AA-8896-5466E46F67A7}.Ad-Hoc|x86.ActiveCfg = Ad-Hoc|iPhone
		{D604CA31-0B4D-40AA-8896-5466E46F67A7}.AppStore|Any CPU.ActiveCfg = AppStore|iPhone
		{D604CA31-0B4D-40AA-8896-5466E46F67A7}.AppStore|ARM.ActiveCfg = AppStore|iPhone
		{D604CA31-0B4D-40AA-8896-5466E46F67A7}.AppStore|iPhone.ActiveCfg = AppStore|iPhone
		{D604CA31-0B4D-40AA-8896-5466E46F67A7}.AppStore|iPhone.Build.0 = AppStore|iPhone
		{D604CA31-0B4D-40AA-8896-5466E46F67A7}.AppStore|iPhoneSimulator.ActiveCfg = AppStore|iPhoneSimulator
		{D604CA31-0B4D-40AA-8896-5466E46F67A7}.AppStore|iPhoneSimulator.Build.0 = AppStore|iPhoneSimulator
		{D604CA31-0B4D-40AA-8896-5466E46F67A7}.AppStore|x64.ActiveCfg = AppStore|iPhone
		{D604CA31-0B4D-40AA-8896-5466E46F67A7}.AppStore|x86.ActiveCfg = AppStore|iPhone
		{D604CA31-0B4D-40AA-8896-5466E46F67A7}.Debug|Any CPU.ActiveCfg = Debug|iPhone
		{D604CA31-0B4D-40AA-8896-5466E46F67A7}.Debug|ARM.ActiveCfg = Debug|iPhone
		{D604CA31-0B4D-40AA-8896-5466E46F67A7}.Debug|iPhone.ActiveCfg = Debug|iPhone
		{D604CA31-0B4D-40AA-8896-5466E46F67A7}.Debug|iPhone.Build.0 = Debug|iPhone
		{D604CA31-0B4D-40AA-8896-5466E46F67A7}.Debug|iPhoneSimulator.ActiveCfg = Debug|iPhoneSimulator
		{D604CA31-0B4D-40AA-8896-5466E46F67A7}.Debug|iPhoneSimulator.Build.0 = Debug|iPhoneSimulator
		{D604CA31-0B4D-40AA-8896-5466E46F67A7}.Debug|x64.ActiveCfg = Debug|iPhone
		{D604CA31-0B4D-40AA-8896-5466E46F67A7}.Debug|x86.ActiveCfg = Debug|iPhone
		{D604CA31-0B4D-40AA-8896-5466E46F67A7}.Release|Any CPU.ActiveCfg = Release|iPhone
		{D604CA31-0B4D-40AA-8896-5466E46F67A7}.Release|ARM.ActiveCfg = Release|iPhone
		{D604CA31-0B4D-40AA-8896-5466E46F67A7}.Release|iPhone.ActiveCfg = Release|iPhone
		{D604CA31-0B4D-40AA-8896-5466E46F67A7}.Release|iPhone.Build.0 = Release|iPhone
		{D604CA31-0B4D-40AA-8896-5466E46F67A7}.Release|iPhoneSimulator.ActiveCfg = Release|iPhoneSimulator
		{D604CA31-0B4D-40AA-8896-5466E46F67A7}.Release|iPhoneSimulator.Build.0 = Release|iPhoneSimulator
		{D604CA31-0B4D-40AA-8896-5466E46F67A7}.Release|x64.ActiveCfg = Release|iPhone
		{D604CA31-0B4D-40AA-8896-5466E46F67A7}.Release|x86.ActiveCfg = Release|iPhone
	EndGlobalSection
	GlobalSection(SolutionProperties) = preSolution
		HideSolutionNode = FALSE
	EndGlobalSection
EndGlobal
